
Microsoft Visual Studio Solution File, Format Version 12.00
# Visual Studio 14
VisualStudioVersion = 14.0.25123.0
MinimumVisualStudioVersion = 10.0.40219.1
Project("{FAE04EC0-301F-11D3-BF4B-00C04F79EFBC}") = "AAC.Core", "AAC.Core\AAC.Core.csproj", "{B8908CF7-0E0B-4289-9CB5-8B7651363526}"
EndProject
Project("{FAE04EC0-301F-11D3-BF4B-00C04F79EFBC}") = "AAC.Data", "AAC.Data\AAC.Data.csproj", "{995E0A95-1BCA-4475-A3FB-0CFE0FBFFD40}"
EndProject
Project("{2150E333-8FDC-42A3-9474-1A3956D46DE8}") = "AAC Data Access Layer", "AAC Data Access Layer", "{394A28FB-29FC-4D8D-89FD-C1B62B9A88F4}"
EndProject
Project("{2150E333-8FDC-42A3-9474-1A3956D46DE8}") = "TSQL Scripts", "TSQL Scripts", "{3EE35C16-D326-42C3-AB36-6DC02C558610}"
	ProjectSection(SolutionItems) = preProject
		BuildScript_1.00.001.sql = BuildScript_1.00.001.sql
	EndProjectSection
EndProject
Project("{2150E333-8FDC-42A3-9474-1A3956D46DE8}") = "AAC Business Logic Layer", "AAC Business Logic Layer", "{9613145F-6A2F-4793-A5BE-C42DC764FC37}"
EndProject
Project("{2150E333-8FDC-42A3-9474-1A3956D46DE8}") = "AAC UI Layer", "AAC UI Layer", "{BD6D305A-098A-45B4-A6E1-81657464CE4C}"
EndProject
Project("{FAE04EC0-301F-11D3-BF4B-00C04F79EFBC}") = "AAC.Web.Model", "AAC.Web.Model\AAC.Web.Model.csproj", "{D3DD4323-A779-40F3-8C46-9CAB577901CC}"
EndProject
Project("{2150E333-8FDC-42A3-9474-1A3956D46DE8}") = "MNV", "MNV", "{D16506F7-2C19-4B7D-853A-3B3BF647EC8A}"
EndProject
Project("{FAE04EC0-301F-11D3-BF4B-00C04F79EFBC}") = "MNV.Authentication", "MNV.Authentication\MNV.Authentication.csproj", "{6D269CFC-235C-40BB-AE24-5131219B6BE0}"
EndProject
Project("{FAE04EC0-301F-11D3-BF4B-00C04F79EFBC}") = "MNV.Utilities", "MNV.Utilities\MNV.Utilities.csproj", "{95761EC4-3557-4B36-B21C-BB656D1BF5A4}"
EndProject
Project("{FAE04EC0-301F-11D3-BF4B-00C04F79EFBC}") = "AAC.Service", "AAC.Service\AAC.Service.csproj", "{22F3EC0D-CFD5-4109-837B-7D1476F338EE}"
EndProject
Project("{FAE04EC0-301F-11D3-BF4B-00C04F79EFBC}") = "AAC.Core.Test", "AAC.Core.Test\AAC.Core.Test.csproj", "{FD28312A-19EC-4A58-B05F-1F560847C4AA}"
EndProject
Project("{FAE04EC0-301F-11D3-BF4B-00C04F79EFBC}") = "MNV.Infrastructure", "MNV.Authentication\MNV.Infrastructure.csproj", "{DA4D8A72-C40C-4839-AD99-DA4327BB1236}"
EndProject
Project("{FAE04EC0-301F-11D3-BF4B-00C04F79EFBC}") = "AAC.UI.Website", "AAC.UI.Website\AAC.UI.Website.csproj", "{2CF7E62B-C8C2-45BC-9CBB-D83F22FD311B}"
EndProject
Project("{FAE04EC0-301F-11D3-BF4B-00C04F79EFBC}") = "MNV.Infrastructure.Tests", "MNV.Infrastructure.Tests\MNV.Infrastructure.Tests.csproj", "{F0DBAD98-D630-4D93-801F-6577116C8988}"
EndProject
Project("{2150E333-8FDC-42A3-9474-1A3956D46DE8}") = "AAC.Framework", "AAC.Framework", "{03E48A06-1D78-4003-A57F-CF7550F72424}"
EndProject
Project("{FAE04EC0-301F-11D3-BF4B-00C04F79EFBC}") = "AAC.Framework", "AAC.Framework\AAC.Framework.csproj", "{659347B5-18F7-4542-8A56-7F199D3013F3}"
EndProject
Project("{2150E333-8FDC-42A3-9474-1A3956D46DE8}") = "MV.BLL", "MV.BLL", "{F3A09DED-71F5-4CA3-B266-9972911C6756}"
EndProject
Project("{FAE04EC0-301F-11D3-BF4B-00C04F79EFBC}") = "MV.Service", "MV.Service\MV.Service.csproj", "{12B03463-E208-4E73-B51A-635CB3F1182A}"
EndProject
Global
	GlobalSection(SolutionConfigurationPlatforms) = preSolution
		Debug|Any CPU = Debug|Any CPU
		Release|Any CPU = Release|Any CPU
	EndGlobalSection
	GlobalSection(ProjectConfigurationPlatforms) = postSolution
		{B8908CF7-0E0B-4289-9CB5-8B7651363526}.Debug|Any CPU.ActiveCfg = Debug|Any CPU
		{B8908CF7-0E0B-4289-9CB5-8B7651363526}.Debug|Any CPU.Build.0 = Debug|Any CPU
		{B8908CF7-0E0B-4289-9CB5-8B7651363526}.Release|Any CPU.ActiveCfg = Release|Any CPU
		{B8908CF7-0E0B-4289-9CB5-8B7651363526}.Release|Any CPU.Build.0 = Release|Any CPU
		{995E0A95-1BCA-4475-A3FB-0CFE0FBFFD40}.Debug|Any CPU.ActiveCfg = Debug|Any CPU
		{995E0A95-1BCA-4475-A3FB-0CFE0FBFFD40}.Debug|Any CPU.Build.0 = Debug|Any CPU
		{995E0A95-1BCA-4475-A3FB-0CFE0FBFFD40}.Release|Any CPU.ActiveCfg = Release|Any CPU
		{995E0A95-1BCA-4475-A3FB-0CFE0FBFFD40}.Release|Any CPU.Build.0 = Release|Any CPU
		{D3DD4323-A779-40F3-8C46-9CAB577901CC}.Debug|Any CPU.ActiveCfg = Debug|Any CPU
		{D3DD4323-A779-40F3-8C46-9CAB577901CC}.Debug|Any CPU.Build.0 = Debug|Any CPU
		{D3DD4323-A779-40F3-8C46-9CAB577901CC}.Release|Any CPU.ActiveCfg = Release|Any CPU
		{D3DD4323-A779-40F3-8C46-9CAB577901CC}.Release|Any CPU.Build.0 = Release|Any CPU
		{6D269CFC-235C-40BB-AE24-5131219B6BE0}.Debug|Any CPU.ActiveCfg = Debug|Any CPU
		{6D269CFC-235C-40BB-AE24-5131219B6BE0}.Debug|Any CPU.Build.0 = Debug|Any CPU
		{6D269CFC-235C-40BB-AE24-5131219B6BE0}.Release|Any CPU.ActiveCfg = Release|Any CPU
		{6D269CFC-235C-40BB-AE24-5131219B6BE0}.Release|Any CPU.Build.0 = Release|Any CPU
		{95761EC4-3557-4B36-B21C-BB656D1BF5A4}.Debug|Any CPU.ActiveCfg = Debug|Any CPU
		{95761EC4-3557-4B36-B21C-BB656D1BF5A4}.Debug|Any CPU.Build.0 = Debug|Any CPU
		{95761EC4-3557-4B36-B21C-BB656D1BF5A4}.Release|Any CPU.ActiveCfg = Release|Any CPU
		{95761EC4-3557-4B36-B21C-BB656D1BF5A4}.Release|Any CPU.Build.0 = Release|Any CPU
		{22F3EC0D-CFD5-4109-837B-7D1476F338EE}.Debug|Any CPU.ActiveCfg = Debug|Any CPU
		{22F3EC0D-CFD5-4109-837B-7D1476F338EE}.Debug|Any CPU.Build.0 = Debug|Any CPU
		{22F3EC0D-CFD5-4109-837B-7D1476F338EE}.Release|Any CPU.ActiveCfg = Release|Any CPU
		{22F3EC0D-CFD5-4109-837B-7D1476F338EE}.Release|Any CPU.Build.0 = Release|Any CPU
		{FD28312A-19EC-4A58-B05F-1F560847C4AA}.Debug|Any CPU.ActiveCfg = Debug|Any CPU
		{FD28312A-19EC-4A58-B05F-1F560847C4AA}.Debug|Any CPU.Build.0 = Debug|Any CPU
		{FD28312A-19EC-4A58-B05F-1F560847C4AA}.Release|Any CPU.ActiveCfg = Release|Any CPU
		{FD28312A-19EC-4A58-B05F-1F560847C4AA}.Release|Any CPU.Build.0 = Release|Any CPU
		{DA4D8A72-C40C-4839-AD99-DA4327BB1236}.Debug|Any CPU.ActiveCfg = Debug|Any CPU
		{DA4D8A72-C40C-4839-AD99-DA4327BB1236}.Debug|Any CPU.Build.0 = Debug|Any CPU
		{DA4D8A72-C40C-4839-AD99-DA4327BB1236}.Release|Any CPU.ActiveCfg = Release|Any CPU
		{DA4D8A72-C40C-4839-AD99-DA4327BB1236}.Release|Any CPU.Build.0 = Release|Any CPU
		{2CF7E62B-C8C2-45BC-9CBB-D83F22FD311B}.Debug|Any CPU.ActiveCfg = Debug|Any CPU
		{2CF7E62B-C8C2-45BC-9CBB-D83F22FD311B}.Debug|Any CPU.Build.0 = Debug|Any CPU
		{2CF7E62B-C8C2-45BC-9CBB-D83F22FD311B}.Release|Any CPU.ActiveCfg = Release|Any CPU
		{2CF7E62B-C8C2-45BC-9CBB-D83F22FD311B}.Release|Any CPU.Build.0 = Release|Any CPU
		{F0DBAD98-D630-4D93-801F-6577116C8988}.Debug|Any CPU.ActiveCfg = Debug|Any CPU
		{F0DBAD98-D630-4D93-801F-6577116C8988}.Debug|Any CPU.Build.0 = Debug|Any CPU
		{F0DBAD98-D630-4D93-801F-6577116C8988}.Release|Any CPU.ActiveCfg = Release|Any CPU
		{F0DBAD98-D630-4D93-801F-6577116C8988}.Release|Any CPU.Build.0 = Release|Any CPU
		{659347B5-18F7-4542-8A56-7F199D3013F3}.Debug|Any CPU.ActiveCfg = Debug|Any CPU
		{659347B5-18F7-4542-8A56-7F199D3013F3}.Debug|Any CPU.Build.0 = Debug|Any CPU
		{659347B5-18F7-4542-8A56-7F199D3013F3}.Release|Any CPU.ActiveCfg = Release|Any CPU
		{659347B5-18F7-4542-8A56-7F199D3013F3}.Release|Any CPU.Build.0 = Release|Any CPU
		{12B03463-E208-4E73-B51A-635CB3F1182A}.Debug|Any CPU.ActiveCfg = Debug|Any CPU
		{12B03463-E208-4E73-B51A-635CB3F1182A}.Debug|Any CPU.Build.0 = Debug|Any CPU
		{12B03463-E208-4E73-B51A-635CB3F1182A}.Release|Any CPU.ActiveCfg = Release|Any CPU
		{12B03463-E208-4E73-B51A-635CB3F1182A}.Release|Any CPU.Build.0 = Release|Any CPU
	EndGlobalSection
	GlobalSection(SolutionProperties) = preSolution
		HideSolutionNode = FALSE
	EndGlobalSection
	GlobalSection(NestedProjects) = preSolution
		{B8908CF7-0E0B-4289-9CB5-8B7651363526} = {394A28FB-29FC-4D8D-89FD-C1B62B9A88F4}
		{995E0A95-1BCA-4475-A3FB-0CFE0FBFFD40} = {394A28FB-29FC-4D8D-89FD-C1B62B9A88F4}
		{D3DD4323-A779-40F3-8C46-9CAB577901CC} = {9613145F-6A2F-4793-A5BE-C42DC764FC37}
		{6D269CFC-235C-40BB-AE24-5131219B6BE0} = {D16506F7-2C19-4B7D-853A-3B3BF647EC8A}
		{95761EC4-3557-4B36-B21C-BB656D1BF5A4} = {D16506F7-2C19-4B7D-853A-3B3BF647EC8A}
		{22F3EC0D-CFD5-4109-837B-7D1476F338EE} = {9613145F-6A2F-4793-A5BE-C42DC764FC37}
		{FD28312A-19EC-4A58-B05F-1F560847C4AA} = {394A28FB-29FC-4D8D-89FD-C1B62B9A88F4}
		{DA4D8A72-C40C-4839-AD99-DA4327BB1236} = {D16506F7-2C19-4B7D-853A-3B3BF647EC8A}
		{2CF7E62B-C8C2-45BC-9CBB-D83F22FD311B} = {BD6D305A-098A-45B4-A6E1-81657464CE4C}
		{F0DBAD98-D630-4D93-801F-6577116C8988} = {D16506F7-2C19-4B7D-853A-3B3BF647EC8A}
		{659347B5-18F7-4542-8A56-7F199D3013F3} = {03E48A06-1D78-4003-A57F-CF7550F72424}
		{12B03463-E208-4E73-B51A-635CB3F1182A} = {F3A09DED-71F5-4CA3-B266-9972911C6756}
	EndGlobalSection
EndGlobal
